
Microsoft Visual Studio Solution File, Format Version 12.00
# Visual Studio Version 16
VisualStudioVersion = 16.0.31624.102
MinimumVisualStudioVersion = 10.0.40219.1
Project("{FAE04EC0-301F-11D3-BF4B-00C04F79EFBC}") = "StudentManager", "StudentManager.csproj", "{8811E756-8D77-4657-B911-C5B4AA40F543}"
EndProject
Project("{54435603-DBB4-11D2-8724-00A0C9A8B90C}") = "Setup1", "..\winapp\Setup1\Setup1.vdproj", "{6FD64881-91E1-43F6-8B1B-996C68B18064}"
EndProject
Global
	GlobalSection(SolutionConfigurationPlatforms) = preSolution
		Debug|Any CPU = Debug|Any CPU
		Release|Any CPU = Release|Any CPU
	EndGlobalSection
	GlobalSection(ProjectConfigurationPlatforms) = postSolution
		{8811E756-8D77-4657-B911-C5B4AA40F543}.Debug|Any CPU.ActiveCfg = Debug|Any CPU
		{8811E756-8D77-4657-B911-C5B4AA40F543}.Debug|Any CPU.Build.0 = Debug|Any CPU
		{8811E756-8D77-4657-B911-C5B4AA40F543}.Release|Any CPU.ActiveCfg = Release|Any CPU
		{8811E756-8D77-4657-B911-C5B4AA40F543}.Release|Any CPU.Build.0 = Release|Any CPU
		{6FD64881-91E1-43F6-8B1B-996C68B18064}.Debug|Any CPU.ActiveCfg = Debug
		{6FD64881-91E1-43F6-8B1B-996C68B18064}.Release|Any CPU.ActiveCfg = Release
	EndGlobalSection
	GlobalSection(SolutionProperties) = preSolution
		HideSolutionNode = FALSE
	EndGlobalSection
	GlobalSection(ExtensibilityGlobals) = postSolution
		SolutionGuid = {A8C26722-4204-49A5-8513-1B358C9618F9}
	EndGlobalSection
EndGlobal
